// !$*UTF8*$!
{
	archiveVersion = 1;
	classes = {
	};
	objectVersion = 56;
	objects = {

/* Begin PBXBuildFile section */
		B3D74E90299D179700739725 /* AppDelegate.swift in Sources */ = {isa = PBXBuildFile; fileRef = B3D74E8F299D179700739725 /* AppDelegate.swift */; };
		B3D74E94299D179700739725 /* Main.html in Resources */ = {isa = PBXBuildFile; fileRef = B3D74E92299D179700739725 /* Main.html */; };
		B3D74E96299D179700739725 /* Icon.png in Resources */ = {isa = PBXBuildFile; fileRef = B3D74E95299D179700739725 /* Icon.png */; };
		B3D74E98299D179700739725 /* Style.css in Resources */ = {isa = PBXBuildFile; fileRef = B3D74E97299D179700739725 /* Style.css */; };
		B3D74E9A299D179700739725 /* Script.js in Resources */ = {isa = PBXBuildFile; fileRef = B3D74E99299D179700739725 /* Script.js */; };
		B3D74E9C299D179700739725 /* ViewController.swift in Sources */ = {isa = PBXBuildFile; fileRef = B3D74E9B299D179700739725 /* ViewController.swift */; };
		B3D74E9F299D179700739725 /* Main.storyboard in Resources */ = {isa = PBXBuildFile; fileRef = B3D74E9D299D179700739725 /* Main.storyboard */; };
		B3D74EA1299D179800739725 /* Assets.xcassets in Resources */ = {isa = PBXBuildFile; fileRef = B3D74EA0299D179800739725 /* Assets.xcassets */; };
		B3D74EA9299D179800739725 /* HelloSafari Extension.appex in Embed Foundation Extensions */ = {isa = PBXBuildFile; fileRef = B3D74EA8299D179800739725 /* HelloSafari Extension.appex */; settings = {ATTRIBUTES = (RemoveHeadersOnCopy, ); }; };
		B3D74EAE299D179800739725 /* SafariWebExtensionHandler.swift in Sources */ = {isa = PBXBuildFile; fileRef = B3D74EAD299D179800739725 /* SafariWebExtensionHandler.swift */; };
		B3D74EB1299D179800739725 /* _locales in Resources */ = {isa = PBXBuildFile; fileRef = B3D74EB0299D179800739725 /* _locales */; };
		B3D74EB3299D179800739725 /* images in Resources */ = {isa = PBXBuildFile; fileRef = B3D74EB2299D179800739725 /* images */; };
		B3D74EB5299D179800739725 /* manifest.json in Resources */ = {isa = PBXBuildFile; fileRef = B3D74EB4299D179800739725 /* manifest.json */; };
		B3D74EB7299D179800739725 /* background.js in Resources */ = {isa = PBXBuildFile; fileRef = B3D74EB6299D179800739725 /* background.js */; };
		B3D74EB9299D179800739725 /* content.js in Resources */ = {isa = PBXBuildFile; fileRef = B3D74EB8299D179800739725 /* content.js */; };
		B3D74EBB299D179800739725 /* popup.html in Resources */ = {isa = PBXBuildFile; fileRef = B3D74EBA299D179800739725 /* popup.html */; };
		B3D74EBD299D179800739725 /* popup.css in Resources */ = {isa = PBXBuildFile; fileRef = B3D74EBC299D179800739725 /* popup.css */; };
		B3D74EBF299D179800739725 /* popup.js in Resources */ = {isa = PBXBuildFile; fileRef = B3D74EBE299D179800739725 /* popup.js */; };
/* End PBXBuildFile section */

/* Begin PBXContainerItemProxy section */
		B3D74EAA299D179800739725 /* PBXContainerItemProxy */ = {
			isa = PBXContainerItemProxy;
			containerPortal = B3D74E84299D179700739725 /* Project object */;
			proxyType = 1;
			remoteGlobalIDString = B3D74EA7299D179800739725;
			remoteInfo = "HelloSafari Extension";
		};
/* End PBXContainerItemProxy section */

/* Begin PBXCopyFilesBuildPhase section */
		B3D74EC7299D179800739725 /* Embed Foundation Extensions */ = {
			isa = PBXCopyFilesBuildPhase;
			buildActionMask = 2147483647;
			dstPath = "";
			dstSubfolderSpec = 13;
			files = (
				B3D74EA9299D179800739725 /* HelloSafari Extension.appex in Embed Foundation Extensions */,
			);
			name = "Embed Foundation Extensions";
			runOnlyForDeploymentPostprocessing = 0;
		};
/* End PBXCopyFilesBuildPhase section */

/* Begin PBXFileReference section */
		B3D74E8C299D179700739725 /* HelloSafari.app */ = {isa = PBXFileReference; explicitFileType = wrapper.application; includeInIndex = 0; path = HelloSafari.app; sourceTree = BUILT_PRODUCTS_DIR; };
		B3D74E8F299D179700739725 /* AppDelegate.swift */ = {isa = PBXFileReference; lastKnownFileType = sourcecode.swift; path = AppDelegate.swift; sourceTree = "<group>"; };
		B3D74E93299D179700739725 /* Base */ = {isa = PBXFileReference; lastKnownFileType = text.html; name = Base; path = ../Base.lproj/Main.html; sourceTree = "<group>"; };
		B3D74E95299D179700739725 /* Icon.png */ = {isa = PBXFileReference; lastKnownFileType = image.png; path = Icon.png; sourceTree = "<group>"; };
		B3D74E97299D179700739725 /* Style.css */ = {isa = PBXFileReference; lastKnownFileType = text.css; path = Style.css; sourceTree = "<group>"; };
		B3D74E99299D179700739725 /* Script.js */ = {isa = PBXFileReference; lastKnownFileType = sourcecode.javascript; path = Script.js; sourceTree = "<group>"; };
		B3D74E9B299D179700739725 /* ViewController.swift */ = {isa = PBXFileReference; lastKnownFileType = sourcecode.swift; path = ViewController.swift; sourceTree = "<group>"; };
		B3D74E9E299D179700739725 /* Base */ = {isa = PBXFileReference; lastKnownFileType = file.storyboard; name = Base; path = Base.lproj/Main.storyboard; sourceTree = "<group>"; };
		B3D74EA0299D179800739725 /* Assets.xcassets */ = {isa = PBXFileReference; lastKnownFileType = folder.assetcatalog; path = Assets.xcassets; sourceTree = "<group>"; };
		B3D74EA2299D179800739725 /* HelloSafari.entitlements */ = {isa = PBXFileReference; lastKnownFileType = text.plist.entitlements; path = HelloSafari.entitlements; sourceTree = "<group>"; };
		B3D74EA3299D179800739725 /* HelloSafari.entitlements */ = {isa = PBXFileReference; lastKnownFileType = text.plist.entitlements; path = HelloSafari.entitlements; sourceTree = "<group>"; };
		B3D74EA8299D179800739725 /* HelloSafari Extension.appex */ = {isa = PBXFileReference; explicitFileType = "wrapper.app-extension"; includeInIndex = 0; path = "HelloSafari Extension.appex"; sourceTree = BUILT_PRODUCTS_DIR; };
		B3D74EAD299D179800739725 /* SafariWebExtensionHandler.swift */ = {isa = PBXFileReference; lastKnownFileType = sourcecode.swift; path = SafariWebExtensionHandler.swift; sourceTree = "<group>"; };
		B3D74EB0299D179800739725 /* _locales */ = {isa = PBXFileReference; lastKnownFileType = folder; path = _locales; sourceTree = "<group>"; };
		B3D74EB2299D179800739725 /* images */ = {isa = PBXFileReference; lastKnownFileType = folder; path = images; sourceTree = "<group>"; };
		B3D74EB4299D179800739725 /* manifest.json */ = {isa = PBXFileReference; lastKnownFileType = text.json; path = manifest.json; sourceTree = "<group>"; };
		B3D74EB6299D179800739725 /* background.js */ = {isa = PBXFileReference; lastKnownFileType = sourcecode.javascript; path = background.js; sourceTree = "<group>"; };
		B3D74EB8299D179800739725 /* content.js */ = {isa = PBXFileReference; lastKnownFileType = sourcecode.javascript; path = content.js; sourceTree = "<group>"; };
		B3D74EBA299D179800739725 /* popup.html */ = {isa = PBXFileReference; lastKnownFileType = text.html; path = popup.html; sourceTree = "<group>"; };
		B3D74EBC299D179800739725 /* popup.css */ = {isa = PBXFileReference; lastKnownFileType = text.css; path = popup.css; sourceTree = "<group>"; };
		B3D74EBE299D179800739725 /* popup.js */ = {isa = PBXFileReference; lastKnownFileType = sourcecode.javascript; path = popup.js; sourceTree = "<group>"; };
		B3D74EC0299D179800739725 /* Info.plist */ = {isa = PBXFileReference; lastKnownFileType = text.plist.xml; path = Info.plist; sourceTree = "<group>"; };
		B3D74EC1299D179800739725 /* HelloSafari_Extension.entitlements */ = {isa = PBXFileReference; lastKnownFileType = text.plist.entitlements; path = HelloSafari_Extension.entitlements; sourceTree = "<group>"; };
/* End PBXFileReference section */

/* Begin PBXFrameworksBuildPhase section */
		B3D74E89299D179700739725 /* Frameworks */ = {
			isa = PBXFrameworksBuildPhase;
			buildActionMask = 2147483647;
			files = (
			);
			runOnlyForDeploymentPostprocessing = 0;
		};
		B3D74EA5299D179800739725 /* Frameworks */ = {
			isa = PBXFrameworksBuildPhase;
			buildActionMask = 2147483647;
			files = (
			);
			runOnlyForDeploymentPostprocessing = 0;
		};
/* End PBXFrameworksBuildPhase section */

/* Begin PBXGroup section */
		B3D74E83299D179700739725 = {
			isa = PBXGroup;
			children = (
				B3D74E8E299D179700739725 /* HelloSafari */,
				B3D74EAC299D179800739725 /* HelloSafari Extension */,
				B3D74E8D299D179700739725 /* Products */,
			);
			sourceTree = "<group>";
		};
		B3D74E8D299D179700739725 /* Products */ = {
			isa = PBXGroup;
			children = (
				B3D74E8C299D179700739725 /* HelloSafari.app */,
				B3D74EA8299D179800739725 /* HelloSafari Extension.appex */,
			);
			name = Products;
			sourceTree = "<group>";
		};
		B3D74E8E299D179700739725 /* HelloSafari */ = {
			isa = PBXGroup;
			children = (
				B3D74E8F299D179700739725 /* AppDelegate.swift */,
				B3D74E9B299D179700739725 /* ViewController.swift */,
				B3D74E9D299D179700739725 /* Main.storyboard */,
				B3D74EA0299D179800739725 /* Assets.xcassets */,
				B3D74EA2299D179800739725 /* HelloSafari.entitlements */,
				B3D74EA3299D179800739725 /* HelloSafari.entitlements */,
				B3D74E91299D179700739725 /* Resources */,
			);
			path = HelloSafari;
			sourceTree = "<group>";
		};
		B3D74E91299D179700739725 /* Resources */ = {
			isa = PBXGroup;
			children = (
				B3D74E92299D179700739725 /* Main.html */,
				B3D74E95299D179700739725 /* Icon.png */,
				B3D74E97299D179700739725 /* Style.css */,
				B3D74E99299D179700739725 /* Script.js */,
			);
			path = Resources;
			sourceTree = "<group>";
		};
		B3D74EAC299D179800739725 /* HelloSafari Extension */ = {
			isa = PBXGroup;
			children = (
				B3D74EAD299D179800739725 /* SafariWebExtensionHandler.swift */,
				B3D74EC0299D179800739725 /* Info.plist */,
				B3D74EC1299D179800739725 /* HelloSafari_Extension.entitlements */,
				B3D74EAF299D179800739725 /* Resources */,
			);
			path = "HelloSafari Extension";
			sourceTree = "<group>";
		};
		B3D74EAF299D179800739725 /* Resources */ = {
			isa = PBXGroup;
			children = (
				B3D74EB0299D179800739725 /* _locales */,
				B3D74EB2299D179800739725 /* images */,
				B3D74EB4299D179800739725 /* manifest.json */,
				B3D74EB6299D179800739725 /* background.js */,
				B3D74EB8299D179800739725 /* content.js */,
				B3D74EBA299D179800739725 /* popup.html */,
				B3D74EBC299D179800739725 /* popup.css */,
				B3D74EBE299D179800739725 /* popup.js */,
			);
			path = Resources;
			sourceTree = "<group>";
		};
/* End PBXGroup section */

/* Begin PBXNativeTarget section */
		B3D74E8B299D179700739725 /* HelloSafari */ = {
			isa = PBXNativeTarget;
			buildConfigurationList = B3D74EC8299D179800739725 /* Build configuration list for PBXNativeTarget "HelloSafari" */;
			buildPhases = (
				B3D74E88299D179700739725 /* Sources */,
				B3D74E89299D179700739725 /* Frameworks */,
				B3D74E8A299D179700739725 /* Resources */,
				B3D74EC7299D179800739725 /* Embed Foundation Extensions */,
			);
			buildRules = (
			);
			dependencies = (
				B3D74EAB299D179800739725 /* PBXTargetDependency */,
			);
			name = HelloSafari;
			productName = HelloSafari;
			productReference = B3D74E8C299D179700739725 /* HelloSafari.app */;
			productType = "com.apple.product-type.application";
		};
		B3D74EA7299D179800739725 /* HelloSafari Extension */ = {
			isa = PBXNativeTarget;
			buildConfigurationList = B3D74EC4299D179800739725 /* Build configuration list for PBXNativeTarget "HelloSafari Extension" */;
			buildPhases = (
				B3D74EA4299D179800739725 /* Sources */,
				B3D74EA5299D179800739725 /* Frameworks */,
				B3D74EA6299D179800739725 /* Resources */,
			);
			buildRules = (
			);
			dependencies = (
			);
			name = "HelloSafari Extension";
			productName = "HelloSafari Extension";
			productReference = B3D74EA8299D179800739725 /* HelloSafari Extension.appex */;
			productType = "com.apple.product-type.app-extension";
		};
/* End PBXNativeTarget section */

/* Begin PBXProject section */
		B3D74E84299D179700739725 /* Project object */ = {
			isa = PBXProject;
			attributes = {
				BuildIndependentTargetsInParallel = 1;
				LastSwiftUpdateCheck = 1420;
				LastUpgradeCheck = 1420;
				TargetAttributes = {
					B3D74E8B299D179700739725 = {
						CreatedOnToolsVersion = 14.2;
					};
					B3D74EA7299D179800739725 = {
						CreatedOnToolsVersion = 14.2;
					};
				};
			};
			buildConfigurationList = B3D74E87299D179700739725 /* Build configuration list for PBXProject "HelloSafari" */;
			compatibilityVersion = "Xcode 14.0";
			developmentRegion = en;
			hasScannedForEncodings = 0;
			knownRegions = (
				en,
				Base,
			);
			mainGroup = B3D74E83299D179700739725;
			productRefGroup = B3D74E8D299D179700739725 /* Products */;
			projectDirPath = "";
			projectRoot = "";
			targets = (
				B3D74E8B299D179700739725 /* HelloSafari */,
				B3D74EA7299D179800739725 /* HelloSafari Extension */,
			);
		};
/* End PBXProject section */

/* Begin PBXResourcesBuildPhase section */
		B3D74E8A299D179700739725 /* Resources */ = {
			isa = PBXResourcesBuildPhase;
			buildActionMask = 2147483647;
			files = (
				B3D74E96299D179700739725 /* Icon.png in Resources */,
				B3D74E9F299D179700739725 /* Main.storyboard in Resources */,
				B3D74E9A299D179700739725 /* Script.js in Resources */,
				B3D74E94299D179700739725 /* Main.html in Resources */,
				B3D74EA1299D179800739725 /* Assets.xcassets in Resources */,
				B3D74E98299D179700739725 /* Style.css in Resources */,
			);
			runOnlyForDeploymentPostprocessing = 0;
		};
		B3D74EA6299D179800739725 /* Resources */ = {
			isa = PBXResourcesBuildPhase;
			buildActionMask = 2147483647;
			files = (
				B3D74EB7299D179800739725 /* background.js in Resources */,
				B3D74EBD299D179800739725 /* popup.css in Resources */,
				B3D74EBB299D179800739725 /* popup.html in Resources */,
				B3D74EB3299D179800739725 /* images in Resources */,
				B3D74EB5299D179800739725 /* manifest.json in Resources */,
				B3D74EB1299D179800739725 /* _locales in Resources */,
				B3D74EB9299D179800739725 /* content.js in Resources */,
				B3D74EBF299D179800739725 /* popup.js in Resources */,
			);
			runOnlyForDeploymentPostprocessing = 0;
		};
/* End PBXResourcesBuildPhase section */

/* Begin PBXSourcesBuildPhase section */
		B3D74E88299D179700739725 /* Sources */ = {
			isa = PBXSourcesBuildPhase;
			buildActionMask = 2147483647;
			files = (
				B3D74E9C299D179700739725 /* ViewController.swift in Sources */,
				B3D74E90299D179700739725 /* AppDelegate.swift in Sources */,
			);
			runOnlyForDeploymentPostprocessing = 0;
		};
		B3D74EA4299D179800739725 /* Sources */ = {
			isa = PBXSourcesBuildPhase;
			buildActionMask = 2147483647;
			files = (
				B3D74EAE299D179800739725 /* SafariWebExtensionHandler.swift in Sources */,
			);
			runOnlyForDeploymentPostprocessing = 0;
		};
/* End PBXSourcesBuildPhase section */

/* Begin PBXTargetDependency section */
		B3D74EAB299D179800739725 /* PBXTargetDependency */ = {
			isa = PBXTargetDependency;
			target = B3D74EA7299D179800739725 /* HelloSafari Extension */;
			targetProxy = B3D74EAA299D179800739725 /* PBXContainerItemProxy */;
		};
/* End PBXTargetDependency section */

/* Begin PBXVariantGroup section */
		B3D74E92299D179700739725 /* Main.html */ = {
			isa = PBXVariantGroup;
			children = (
				B3D74E93299D179700739725 /* Base */,
			);
			name = Main.html;
			sourceTree = "<group>";
		};
		B3D74E9D299D179700739725 /* Main.storyboard */ = {
			isa = PBXVariantGroup;
			children = (
				B3D74E9E299D179700739725 /* Base */,
			);
			name = Main.storyboard;
			sourceTree = "<group>";
		};
/* End PBXVariantGroup section */

/* Begin XCBuildConfiguration section */
		B3D74EC2299D179800739725 /* Debug */ = {
			isa = XCBuildConfiguration;
			buildSettings = {
				ALWAYS_SEARCH_USER_PATHS = NO;
				CLANG_ANALYZER_NONNULL = YES;
				CLANG_ANALYZER_NUMBER_OBJECT_CONVERSION = YES_AGGRESSIVE;
				CLANG_CXX_LANGUAGE_STANDARD = "gnu++20";
				CLANG_ENABLE_MODULES = YES;
				CLANG_ENABLE_OBJC_ARC = YES;
				CLANG_ENABLE_OBJC_WEAK = YES;
				CLANG_WARN_BLOCK_CAPTURE_AUTORELEASING = YES;
				CLANG_WARN_BOOL_CONVERSION = YES;
				CLANG_WARN_COMMA = YES;
				CLANG_WARN_CONSTANT_CONVERSION = YES;
				CLANG_WARN_DEPRECATED_OBJC_IMPLEMENTATIONS = YES;
				CLANG_WARN_DIRECT_OBJC_ISA_USAGE = YES_ERROR;
				CLANG_WARN_DOCUMENTATION_COMMENTS = YES;
				CLANG_WARN_EMPTY_BODY = YES;
				CLANG_WARN_ENUM_CONVERSION = YES;
				CLANG_WARN_INFINITE_RECURSION = YES;
				CLANG_WARN_INT_CONVERSION = YES;
				CLANG_WARN_NON_LITERAL_NULL_CONVERSION = YES;
				CLANG_WARN_OBJC_IMPLICIT_RETAIN_SELF = YES;
				CLANG_WARN_OBJC_LITERAL_CONVERSION = YES;
				CLANG_WARN_OBJC_ROOT_CLASS = YES_ERROR;
				CLANG_WARN_QUOTED_INCLUDE_IN_FRAMEWORK_HEADER = YES;
				CLANG_WARN_RANGE_LOOP_ANALYSIS = YES;
				CLANG_WARN_STRICT_PROTOTYPES = YES;
				CLANG_WARN_SUSPICIOUS_MOVE = YES;
				CLANG_WARN_UNGUARDED_AVAILABILITY = YES_AGGRESSIVE;
				CLANG_WARN_UNREACHABLE_CODE = YES;
				CLANG_WARN__DUPLICATE_METHOD_MATCH = YES;
				COPY_PHASE_STRIP = NO;
				DEBUG_INFORMATION_FORMAT = dwarf;
				ENABLE_STRICT_OBJC_MSGSEND = YES;
				ENABLE_TESTABILITY = YES;
				GCC_C_LANGUAGE_STANDARD = gnu11;
				GCC_DYNAMIC_NO_PIC = NO;
				GCC_NO_COMMON_BLOCKS = YES;
				GCC_OPTIMIZATION_LEVEL = 0;
				GCC_PREPROCESSOR_DEFINITIONS = (
					"DEBUG=1",
					"$(inherited)",
				);
				GCC_WARN_64_TO_32_BIT_CONVERSION = YES;
				GCC_WARN_ABOUT_RETURN_TYPE = YES_ERROR;
				GCC_WARN_UNDECLARED_SELECTOR = YES;
				GCC_WARN_UNINITIALIZED_AUTOS = YES_AGGRESSIVE;
				GCC_WARN_UNUSED_FUNCTION = YES;
				GCC_WARN_UNUSED_VARIABLE = YES;
				MACOSX_DEPLOYMENT_TARGET = 13.1;
				MTL_ENABLE_DEBUG_INFO = INCLUDE_SOURCE;
				MTL_FAST_MATH = YES;
				ONLY_ACTIVE_ARCH = YES;
				SDKROOT = macosx;
				SWIFT_ACTIVE_COMPILATION_CONDITIONS = DEBUG;
				SWIFT_OPTIMIZATION_LEVEL = "-Onone";
			};
			name = Debug;
		};
		B3D74EC3299D179800739725 /* Release */ = {
			isa = XCBuildConfiguration;
			buildSettings = {
				ALWAYS_SEARCH_USER_PATHS = NO;
				CLANG_ANALYZER_NONNULL = YES;
				CLANG_ANALYZER_NUMBER_OBJECT_CONVERSION = YES_AGGRESSIVE;
				CLANG_CXX_LANGUAGE_STANDARD = "gnu++20";
				CLANG_ENABLE_MODULES = YES;
				CLANG_ENABLE_OBJC_ARC = YES;
				CLANG_ENABLE_OBJC_WEAK = YES;
				CLANG_WARN_BLOCK_CAPTURE_AUTORELEASING = YES;
				CLANG_WARN_BOOL_CONVERSION = YES;
				CLANG_WARN_COMMA = YES;
				CLANG_WARN_CONSTANT_CONVERSION = YES;
				CLANG_WARN_DEPRECATED_OBJC_IMPLEMENTATIONS = YES;
				CLANG_WARN_DIRECT_OBJC_ISA_USAGE = YES_ERROR;
				CLANG_WARN_DOCUMENTATION_COMMENTS = YES;
				CLANG_WARN_EMPTY_BODY = YES;
				CLANG_WARN_ENUM_CONVERSION = YES;
				CLANG_WARN_INFINITE_RECURSION = YES;
				CLANG_WARN_INT_CONVERSION = YES;
				CLANG_WARN_NON_LITERAL_NULL_CONVERSION = YES;
				CLANG_WARN_OBJC_IMPLICIT_RETAIN_SELF = YES;
				CLANG_WARN_OBJC_LITERAL_CONVERSION = YES;
				CLANG_WARN_OBJC_ROOT_CLASS = YES_ERROR;
				CLANG_WARN_QUOTED_INCLUDE_IN_FRAMEWORK_HEADER = YES;
				CLANG_WARN_RANGE_LOOP_ANALYSIS = YES;
				CLANG_WARN_STRICT_PROTOTYPES = YES;
				CLANG_WARN_SUSPICIOUS_MOVE = YES;
				CLANG_WARN_UNGUARDED_AVAILABILITY = YES_AGGRESSIVE;
				CLANG_WARN_UNREACHABLE_CODE = YES;
				CLANG_WARN__DUPLICATE_METHOD_MATCH = YES;
				COPY_PHASE_STRIP = NO;
				DEBUG_INFORMATION_FORMAT = "dwarf-with-dsym";
				ENABLE_NS_ASSERTIONS = NO;
				ENABLE_STRICT_OBJC_MSGSEND = YES;
				GCC_C_LANGUAGE_STANDARD = gnu11;
				GCC_NO_COMMON_BLOCKS = YES;
				GCC_WARN_64_TO_32_BIT_CONVERSION = YES;
				GCC_WARN_ABOUT_RETURN_TYPE = YES_ERROR;
				GCC_WARN_UNDECLARED_SELECTOR = YES;
				GCC_WARN_UNINITIALIZED_AUTOS = YES_AGGRESSIVE;
				GCC_WARN_UNUSED_FUNCTION = YES;
				GCC_WARN_UNUSED_VARIABLE = YES;
				MACOSX_DEPLOYMENT_TARGET = 13.1;
				MTL_ENABLE_DEBUG_INFO = NO;
				MTL_FAST_MATH = YES;
				SDKROOT = macosx;
				SWIFT_COMPILATION_MODE = wholemodule;
				SWIFT_OPTIMIZATION_LEVEL = "-O";
			};
			name = Release;
		};
		B3D74EC5299D179800739725 /* Debug */ = {
			isa = XCBuildConfiguration;
			buildSettings = {
				CODE_SIGN_ENTITLEMENTS = "HelloSafari Extension/HelloSafari_Extension.entitlements";
				CODE_SIGN_STYLE = Automatic;
				CURRENT_PROJECT_VERSION = 1;
				DEVELOPMENT_TEAM = MLT7M394S7;
				ENABLE_HARDENED_RUNTIME = YES;
				GENERATE_INFOPLIST_FILE = YES;
				INFOPLIST_FILE = "HelloSafari Extension/Info.plist";
				INFOPLIST_KEY_CFBundleDisplayName = "HelloSafari Extension";
				INFOPLIST_KEY_NSHumanReadableCopyright = "";
				LD_RUNPATH_SEARCH_PATHS = (
					"$(inherited)",
					"@executable_path/../Frameworks",
					"@executable_path/../../../../Frameworks",
				);
				MACOSX_DEPLOYMENT_TARGET = 10.14;
				MARKETING_VERSION = 1.0;
				OTHER_LDFLAGS = (
					"-framework",
					SafariServices,
				);
				PRODUCT_BUNDLE_IDENTIFIER = com.brightdigit.HelloSafari.Extension;
				PRODUCT_NAME = "$(TARGET_NAME)";
				SKIP_INSTALL = YES;
				SWIFT_EMIT_LOC_STRINGS = YES;
				SWIFT_VERSION = 5.0;
			};
			name = Debug;
		};
		B3D74EC6299D179800739725 /* Release */ = {
			isa = XCBuildConfiguration;
			buildSettings = {
				CODE_SIGN_ENTITLEMENTS = "HelloSafari Extension/HelloSafari_Extension.entitlements";
				CODE_SIGN_STYLE = Automatic;
				CURRENT_PROJECT_VERSION = 1;
				DEVELOPMENT_TEAM = MLT7M394S7;
				ENABLE_HARDENED_RUNTIME = YES;
				GENERATE_INFOPLIST_FILE = YES;
				INFOPLIST_FILE = "HelloSafari Extension/Info.plist";
				INFOPLIST_KEY_CFBundleDisplayName = "HelloSafari Extension";
				INFOPLIST_KEY_NSHumanReadableCopyright = "";
				LD_RUNPATH_SEARCH_PATHS = (
					"$(inherited)",
					"@executable_path/../Frameworks",
					"@executable_path/../../../../Frameworks",
				);
				MACOSX_DEPLOYMENT_TARGET = 10.14;
				MARKETING_VERSION = 1.0;
				OTHER_LDFLAGS = (
					"-framework",
					SafariServices,
				);
				PRODUCT_BUNDLE_IDENTIFIER = com.brightdigit.HelloSafari.Extension;
				PRODUCT_NAME = "$(TARGET_NAME)";
				SKIP_INSTALL = YES;
				SWIFT_EMIT_LOC_STRINGS = YES;
				SWIFT_VERSION = 5.0;
			};
			name = Release;
		};
		B3D74EC9299D179800739725 /* Debug */ = {
			isa = XCBuildConfiguration;
			buildSettings = {
				ALWAYS_EMBED_SWIFT_STANDARD_LIBRARIES = YES;
				ASSETCATALOG_COMPILER_APPICON_NAME = AppIcon;
				ASSETCATALOG_COMPILER_GLOBAL_ACCENT_COLOR_NAME = AccentColor;
				CODE_SIGN_ENTITLEMENTS = HelloSafari/HelloSafari.entitlements;
				CODE_SIGN_STYLE = Automatic;
				COMBINE_HIDPI_IMAGES = YES;
				CURRENT_PROJECT_VERSION = 1;
				DEVELOPMENT_TEAM = MLT7M394S7;
				ENABLE_HARDENED_RUNTIME = YES;
				GENERATE_INFOPLIST_FILE = YES;
				INFOPLIST_KEY_CFBundleDisplayName = HelloSafari;
				INFOPLIST_KEY_NSHumanReadableCopyright = "";
				INFOPLIST_KEY_NSMainStoryboardFile = Main;
				INFOPLIST_KEY_NSPrincipalClass = NSApplication;
				LD_RUNPATH_SEARCH_PATHS = (
					"$(inherited)",
					"@executable_path/../Frameworks",
				);
				MACOSX_DEPLOYMENT_TARGET = 10.14;
				MARKETING_VERSION = 1.0;
				OTHER_LDFLAGS = (
					"-framework",
					SafariServices,
					"-framework",
					WebKit,
				);
				PRODUCT_BUNDLE_IDENTIFIER = com.brightdigit.HelloSafari;
				PRODUCT_NAME = "$(TARGET_NAME)";
				SWIFT_EMIT_LOC_STRINGS = YES;
				SWIFT_VERSION = 5.0;
			};
			name = Debug;
		};
		B3D74ECA299D179800739725 /* Release */ = {
			isa = XCBuildConfiguration;
			buildSettings = {
				ALWAYS_EMBED_SWIFT_STANDARD_LIBRARIES = YES;
				ASSETCATALOG_COMPILER_APPICON_NAME = AppIcon;
				ASSETCATALOG_COMPILER_GLOBAL_ACCENT_COLOR_NAME = AccentColor;
				CODE_SIGN_ENTITLEMENTS = HelloSafari/HelloSafari.entitlements;
				CODE_SIGN_STYLE = Automatic;
				COMBINE_HIDPI_IMAGES = YES;
				CURRENT_PROJECT_VERSION = 1;
				DEVELOPMENT_TEAM = MLT7M394S7;
				ENABLE_HARDENED_RUNTIME = YES;
				GENERATE_INFOPLIST_FILE = YES;
				INFOPLIST_KEY_CFBundleDisplayName = HelloSafari;
				INFOPLIST_KEY_NSHumanReadableCopyright = "";
				INFOPLIST_KEY_NSMainStoryboardFile = Main;
				INFOPLIST_KEY_NSPrincipalClass = NSApplication;
				LD_RUNPATH_SEARCH_PATHS = (
					"$(inherited)",
					"@executable_path/../Frameworks",
				);
				MACOSX_DEPLOYMENT_TARGET = 10.14;
				MARKETING_VERSION = 1.0;
				OTHER_LDFLAGS = (
					"-framework",
					SafariServices,
					"-framework",
					WebKit,
				);
				PRODUCT_BUNDLE_IDENTIFIER = com.brightdigit.HelloSafari;
				PRODUCT_NAME = "$(TARGET_NAME)";
				SWIFT_EMIT_LOC_STRINGS = YES;
				SWIFT_VERSION = 5.0;
			};
			name = Release;
		};
/* End XCBuildConfiguration section */

/* Begin XCConfigurationList section */
		B3D74E87299D179700739725 /* Build configuration list for PBXProject "HelloSafari" */ = {
			isa = XCConfigurationList;
			buildConfigurations = (
				B3D74EC2299D179800739725 /* Debug */,
				B3D74EC3299D179800739725 /* Release */,
			);
			defaultConfigurationIsVisible = 0;
			defaultConfigurationName = Release;
		};
		B3D74EC4299D179800739725 /* Build configuration list for PBXNativeTarget "HelloSafari Extension" */ = {
			isa = XCConfigurationList;
			buildConfigurations = (
				B3D74EC5299D179800739725 /* Debug */,
				B3D74EC6299D179800739725 /* Release */,
			);
			defaultConfigurationIsVisible = 0;
			defaultConfigurationName = Release;
		};
		B3D74EC8299D179800739725 /* Build configuration list for PBXNativeTarget "HelloSafari" */ = {
			isa = XCConfigurationList;
			buildConfigurations = (
				B3D74EC9299D179800739725 /* Debug */,
				B3D74ECA299D179800739725 /* Release */,
			);
			defaultConfigurationIsVisible = 0;
			defaultConfigurationName = Release;
		};
/* End XCConfigurationList section */
	};
	rootObject = B3D74E84299D179700739725 /* Project object */;
}
